
Microsoft Visual Studio Solution File, Format Version 12.00
# Visual Studio 2012
Project("{FAE04EC0-301F-11D3-BF4B-00C04F79EFBC}") = "BacNetApi", "BacNetApi\BacNetApi.csproj", "{D42942D4-43B9-4157-AB84-2324E7B4EA0C}"
EndProject
Project("{FAE04EC0-301F-11D3-BF4B-00C04F79EFBC}") = "BacNetApiSample", "BacNetApiSample\BacNetApiSample.csproj", "{6AC719D8-A1B5-4372-9FD0-473BF0D1EE37}"
EndProject
Project("{FAE04EC0-301F-11D3-BF4B-00C04F79EFBC}") = "WPFBacNetApiSample", "WPFBacNetApiSample\WPFBacNetApiSample.csproj", "{AEF1613E-7055-42B9-A3B7-A50B55548ABC}"
EndProject
Global
	GlobalSection(SolutionConfigurationPlatforms) = preSolution
		Debug|Any CPU = Debug|Any CPU
		Release|Any CPU = Release|Any CPU
	EndGlobalSection
	GlobalSection(ProjectConfigurationPlatforms) = postSolution
		{D42942D4-43B9-4157-AB84-2324E7B4EA0C}.Debug|Any CPU.ActiveCfg = Debug|Any CPU
		{D42942D4-43B9-4157-AB84-2324E7B4EA0C}.Debug|Any CPU.Build.0 = Debug|Any CPU
		{D42942D4-43B9-4157-AB84-2324E7B4EA0C}.Release|Any CPU.ActiveCfg = Release|Any CPU
		{D42942D4-43B9-4157-AB84-2324E7B4EA0C}.Release|Any CPU.Build.0 = Release|Any CPU
		{6AC719D8-A1B5-4372-9FD0-473BF0D1EE37}.Debug|Any CPU.ActiveCfg = Debug|Any CPU
		{6AC719D8-A1B5-4372-9FD0-473BF0D1EE37}.Debug|Any CPU.Build.0 = Debug|Any CPU
		{6AC719D8-A1B5-4372-9FD0-473BF0D1EE37}.Release|Any CPU.ActiveCfg = Release|Any CPU
		{6AC719D8-A1B5-4372-9FD0-473BF0D1EE37}.Release|Any CPU.Build.0 = Release|Any CPU
		{AEF1613E-7055-42B9-A3B7-A50B55548ABC}.Debug|Any CPU.ActiveCfg = Debug|Any CPU
		{AEF1613E-7055-42B9-A3B7-A50B55548ABC}.Debug|Any CPU.Build.0 = Debug|Any CPU
		{AEF1613E-7055-42B9-A3B7-A50B55548ABC}.Release|Any CPU.ActiveCfg = Release|Any CPU
		{AEF1613E-7055-42B9-A3B7-A50B55548ABC}.Release|Any CPU.Build.0 = Release|Any CPU
	EndGlobalSection
	GlobalSection(SolutionProperties) = preSolution
		HideSolutionNode = FALSE
	EndGlobalSection
EndGlobal
